
Microsoft Visual Studio Solution File, Format Version 12.00
# Visual Studio Version 17
VisualStudioVersion = 17.12.35514.174
MinimumVisualStudioVersion = 10.0.40219.1
Project("{2150E333-8FDC-42A3-9474-1A3956D46DE8}") = "src", "src", "{7AC55727-AD04-4055-967D-3024EEBEC218}"
EndProject
Project("{2150E333-8FDC-42A3-9474-1A3956D46DE8}") = "test", "test", "{C2B11842-6332-489D-938A-CAD0DD212129}"
EndProject
Project("{FAE04EC0-301F-11D3-BF4B-00C04F79EFBC}") = "LMS.Domain", "LMS.Domain\LMS.Domain.csproj", "{FFA5AC08-BF13-4D06-A34D-543E7DE21ED0}"
EndProject
Project("{FAE04EC0-301F-11D3-BF4B-00C04F79EFBC}") = "LMS.Application", "LMS.Application\LMS.Application.csproj", "{59EFEBE2-3FAD-4624-A703-8C6E6987CB89}"
EndProject
Project("{FAE04EC0-301F-11D3-BF4B-00C04F79EFBC}") = "LMS.Infrastructure", "LMS.Infrastructure\LMS.Infrastructure.csproj", "{E306A670-575C-49FE-9273-9B9D054D9B37}"
EndProject
Project("{FAE04EC0-301F-11D3-BF4B-00C04F79EFBC}") = "LMS.WebApi", "LMS.WebApi\LMS.WebApi.csproj", "{024E2B6A-CB75-42E5-9704-B2E686460C47}"
EndProject
Project("{FAE04EC0-301F-11D3-BF4B-00C04F79EFBC}") = "LMS.IntegrationTests", "LMS.IntegrationTests\LMS.IntegrationTests.csproj", "{E08D747C-1B93-4C77-83DD-F1618DF218B7}"
EndProject
Project("{FAE04EC0-301F-11D3-BF4B-00C04F79EFBC}") = "LMS.UnitTests", "LMS.UnitTests\LMS.UnitTests.csproj", "{04DF0D53-C46A-4A6F-808D-82D1827B4134}"
EndProject
Global
	GlobalSection(SolutionConfigurationPlatforms) = preSolution
		Debug|Any CPU = Debug|Any CPU
		Release|Any CPU = Release|Any CPU
	EndGlobalSection
	GlobalSection(ProjectConfigurationPlatforms) = postSolution
		{FFA5AC08-BF13-4D06-A34D-543E7DE21ED0}.Debug|Any CPU.ActiveCfg = Debug|Any CPU
		{FFA5AC08-BF13-4D06-A34D-543E7DE21ED0}.Debug|Any CPU.Build.0 = Debug|Any CPU
		{FFA5AC08-BF13-4D06-A34D-543E7DE21ED0}.Release|Any CPU.ActiveCfg = Release|Any CPU
		{FFA5AC08-BF13-4D06-A34D-543E7DE21ED0}.Release|Any CPU.Build.0 = Release|Any CPU
		{59EFEBE2-3FAD-4624-A703-8C6E6987CB89}.Debug|Any CPU.ActiveCfg = Debug|Any CPU
		{59EFEBE2-3FAD-4624-A703-8C6E6987CB89}.Debug|Any CPU.Build.0 = Debug|Any CPU
		{59EFEBE2-3FAD-4624-A703-8C6E6987CB89}.Release|Any CPU.ActiveCfg = Release|Any CPU
		{59EFEBE2-3FAD-4624-A703-8C6E6987CB89}.Release|Any CPU.Build.0 = Release|Any CPU
		{E306A670-575C-49FE-9273-9B9D054D9B37}.Debug|Any CPU.ActiveCfg = Debug|Any CPU
		{E306A670-575C-49FE-9273-9B9D054D9B37}.Debug|Any CPU.Build.0 = Debug|Any CPU
		{E306A670-575C-49FE-9273-9B9D054D9B37}.Release|Any CPU.ActiveCfg = Release|Any CPU
		{E306A670-575C-49FE-9273-9B9D054D9B37}.Release|Any CPU.Build.0 = Release|Any CPU
		{024E2B6A-CB75-42E5-9704-B2E686460C47}.Debug|Any CPU.ActiveCfg = Debug|Any CPU
		{024E2B6A-CB75-42E5-9704-B2E686460C47}.Debug|Any CPU.Build.0 = Debug|Any CPU
		{024E2B6A-CB75-42E5-9704-B2E686460C47}.Release|Any CPU.ActiveCfg = Release|Any CPU
		{024E2B6A-CB75-42E5-9704-B2E686460C47}.Release|Any CPU.Build.0 = Release|Any CPU
		{E08D747C-1B93-4C77-83DD-F1618DF218B7}.Debug|Any CPU.ActiveCfg = Debug|Any CPU
		{E08D747C-1B93-4C77-83DD-F1618DF218B7}.Debug|Any CPU.Build.0 = Debug|Any CPU
		{E08D747C-1B93-4C77-83DD-F1618DF218B7}.Release|Any CPU.ActiveCfg = Release|Any CPU
		{E08D747C-1B93-4C77-83DD-F1618DF218B7}.Release|Any CPU.Build.0 = Release|Any CPU
		{04DF0D53-C46A-4A6F-808D-82D1827B4134}.Debug|Any CPU.ActiveCfg = Debug|Any CPU
		{04DF0D53-C46A-4A6F-808D-82D1827B4134}.Debug|Any CPU.Build.0 = Debug|Any CPU
		{04DF0D53-C46A-4A6F-808D-82D1827B4134}.Release|Any CPU.ActiveCfg = Release|Any CPU
		{04DF0D53-C46A-4A6F-808D-82D1827B4134}.Release|Any CPU.Build.0 = Release|Any CPU
	EndGlobalSection
	GlobalSection(SolutionProperties) = preSolution
		HideSolutionNode = FALSE
	EndGlobalSection
	GlobalSection(NestedProjects) = preSolution
		{FFA5AC08-BF13-4D06-A34D-543E7DE21ED0} = {7AC55727-AD04-4055-967D-3024EEBEC218}
		{59EFEBE2-3FAD-4624-A703-8C6E6987CB89} = {7AC55727-AD04-4055-967D-3024EEBEC218}
		{E306A670-575C-49FE-9273-9B9D054D9B37} = {7AC55727-AD04-4055-967D-3024EEBEC218}
		{024E2B6A-CB75-42E5-9704-B2E686460C47} = {7AC55727-AD04-4055-967D-3024EEBEC218}
		{E08D747C-1B93-4C77-83DD-F1618DF218B7} = {C2B11842-6332-489D-938A-CAD0DD212129}
		{04DF0D53-C46A-4A6F-808D-82D1827B4134} = {C2B11842-6332-489D-938A-CAD0DD212129}
	EndGlobalSection
EndGlobal
